Microsoft Visual Studio Solution File, Format Version 12.00
# Visual Studio 15
VisualStudioVersion = 15.0.27004.2009
MinimumVisualStudioVersion = 10.0.40219.1
Project("{9A19103F-16F7-4668-BE54-9A1E7A4F7556}") = "TypedRestClient", "src\TypedRestClient\TypedRestClient.csproj", "{3AE621B6-1723-4341-9BFF-15EF847473C3}"
EndProject
Project("{2150E333-8FDC-42A3-9474-1A3956D46DE8}") = "src", "src", "{DAC6EAFB-C20B-4A97-8E36-20572B68699A}"
EndProject
Project("{2150E333-8FDC-42A3-9474-1A3956D46DE8}") = "test", "test", "{FD58EEAD-25E4-45FE-BF67-39D4B90ACCF0}"
EndProject
Project("{9A19103F-16F7-4668-BE54-9A1E7A4F7556}") = "TypedRestClient.Json", "src\TypedRestClient.Json\TypedRestClient.Json.csproj", "{59D8D535-1385-4D98-94B3-B2E33398904F}"
EndProject
Project("{9A19103F-16F7-4668-BE54-9A1E7A4F7556}") = "TypedRestClient.Json.Tests", "test\TypedRestClient.Json.Tests\TypedRestClient.Json.Tests.csproj", "{8272EB80-A5D9-48D2-8D5F-D1DD7EBF0788}"
EndProject
Project("{9A19103F-16F7-4668-BE54-9A1E7A4F7556}") = "TypedRestClient.DependencyInjection", "src\TypedRestClient.DependencyInjection\TypedRestClient.DependencyInjection.csproj", "{AAB36F3C-B539-4C62-8BD1-5E57ADD7C531}"
EndProject
Project("{9A19103F-16F7-4668-BE54-9A1E7A4F7556}") = "TypedRestClient.DependencyInjection.Tests", "test\TypedRestClient.DependencyInjection.Tests\TypedRestClient.DependencyInjection.Tests.csproj", "{6FF78E37-71E9-4173-A01D-7A07A295406B}"
EndProject
Project("{9A19103F-16F7-4668-BE54-9A1E7A4F7556}") = "TypedRestClient.Shared", "test\TypedRestClient.Shared\TypedRestClient.Shared.csproj", "{75704E06-F49C-421A-AD74-E19709F14218}"
EndProject
Project("{FAE04EC0-301F-11D3-BF4B-00C04F79EFBC}") = "TypedRestClient.Tests", "test\TypedRestClient.Tests\TypedRestClient.Tests.csproj", "{9F5678C3-2AB1-407F-A4D4-D2B1C982BFFF}"
EndProject
Global
	GlobalSection(SolutionConfigurationPlatforms) = preSolution
		Debug|Any CPU = Debug|Any CPU
		Release|Any CPU = Release|Any CPU
	EndGlobalSection
	GlobalSection(ProjectConfigurationPlatforms) = postSolution
		{3AE621B6-1723-4341-9BFF-15EF847473C3}.Debug|Any CPU.ActiveCfg = Debug|Any CPU
		{3AE621B6-1723-4341-9BFF-15EF847473C3}.Debug|Any CPU.Build.0 = Debug|Any CPU
		{3AE621B6-1723-4341-9BFF-15EF847473C3}.Release|Any CPU.ActiveCfg = Release|Any CPU
		{3AE621B6-1723-4341-9BFF-15EF847473C3}.Release|Any CPU.Build.0 = Release|Any CPU
		{59D8D535-1385-4D98-94B3-B2E33398904F}.Debug|Any CPU.ActiveCfg = Debug|Any CPU
		{59D8D535-1385-4D98-94B3-B2E33398904F}.Debug|Any CPU.Build.0 = Debug|Any CPU
		{59D8D535-1385-4D98-94B3-B2E33398904F}.Release|Any CPU.ActiveCfg = Release|Any CPU
		{59D8D535-1385-4D98-94B3-B2E33398904F}.Release|Any CPU.Build.0 = Release|Any CPU
		{8272EB80-A5D9-48D2-8D5F-D1DD7EBF0788}.Debug|Any CPU.ActiveCfg = Debug|Any CPU
		{8272EB80-A5D9-48D2-8D5F-D1DD7EBF0788}.Debug|Any CPU.Build.0 = Debug|Any CPU
		{8272EB80-A5D9-48D2-8D5F-D1DD7EBF0788}.Release|Any CPU.ActiveCfg = Release|Any CPU
		{8272EB80-A5D9-48D2-8D5F-D1DD7EBF0788}.Release|Any CPU.Build.0 = Release|Any CPU
		{AAB36F3C-B539-4C62-8BD1-5E57ADD7C531}.Debug|Any CPU.ActiveCfg = Debug|Any CPU
		{AAB36F3C-B539-4C62-8BD1-5E57ADD7C531}.Debug|Any CPU.Build.0 = Debug|Any CPU
		{AAB36F3C-B539-4C62-8BD1-5E57ADD7C531}.Release|Any CPU.ActiveCfg = Release|Any CPU
		{AAB36F3C-B539-4C62-8BD1-5E57ADD7C531}.Release|Any CPU.Build.0 = Release|Any CPU
		{6FF78E37-71E9-4173-A01D-7A07A295406B}.Debug|Any CPU.ActiveCfg = Debug|Any CPU
		{6FF78E37-71E9-4173-A01D-7A07A295406B}.Debug|Any CPU.Build.0 = Debug|Any CPU
		{6FF78E37-71E9-4173-A01D-7A07A295406B}.Release|Any CPU.ActiveCfg = Release|Any CPU
		{6FF78E37-71E9-4173-A01D-7A07A295406B}.Release|Any CPU.Build.0 = Release|Any CPU
		{75704E06-F49C-421A-AD74-E19709F14218}.Debug|Any CPU.ActiveCfg = Debug|Any CPU
		{75704E06-F49C-421A-AD74-E19709F14218}.Debug|Any CPU.Build.0 = Debug|Any CPU
		{75704E06-F49C-421A-AD74-E19709F14218}.Release|Any CPU.ActiveCfg = Release|Any CPU
		{75704E06-F49C-421A-AD74-E19709F14218}.Release|Any CPU.Build.0 = Release|Any CPU
		{9F5678C3-2AB1-407F-A4D4-D2B1C982BFFF}.Debug|Any CPU.ActiveCfg = Debug|Any CPU
		{9F5678C3-2AB1-407F-A4D4-D2B1C982BFFF}.Debug|Any CPU.Build.0 = Debug|Any CPU
		{9F5678C3-2AB1-407F-A4D4-D2B1C982BFFF}.Release|Any CPU.ActiveCfg = Release|Any CPU
		{9F5678C3-2AB1-407F-A4D4-D2B1C982BFFF}.Release|Any CPU.Build.0 = Release|Any CPU
	EndGlobalSection
	GlobalSection(SolutionProperties) = preSolution
		HideSolutionNode = FALSE
	EndGlobalSection
	GlobalSection(NestedProjects) = preSolution
		{3AE621B6-1723-4341-9BFF-15EF847473C3} = {DAC6EAFB-C20B-4A97-8E36-20572B68699A}
		{59D8D535-1385-4D98-94B3-B2E33398904F} = {DAC6EAFB-C20B-4A97-8E36-20572B68699A}
		{8272EB80-A5D9-48D2-8D5F-D1DD7EBF0788} = {FD58EEAD-25E4-45FE-BF67-39D4B90ACCF0}
		{AAB36F3C-B539-4C62-8BD1-5E57ADD7C531} = {DAC6EAFB-C20B-4A97-8E36-20572B68699A}
		{6FF78E37-71E9-4173-A01D-7A07A295406B} = {FD58EEAD-25E4-45FE-BF67-39D4B90ACCF0}
		{75704E06-F49C-421A-AD74-E19709F14218} = {FD58EEAD-25E4-45FE-BF67-39D4B90ACCF0}
		{9F5678C3-2AB1-407F-A4D4-D2B1C982BFFF} = {FD58EEAD-25E4-45FE-BF67-39D4B90ACCF0}
	EndGlobalSection
	GlobalSection(ExtensibilityGlobals) = postSolution
		SolutionGuid = {A3D4A0F1-DE69-4E9E-8987-BC27E1E7D4BE}
	EndGlobalSection
EndGlobal
